
Microsoft Visual Studio Solution File, Format Version 12.00
# Visual Studio Version 17
VisualStudioVersion = 17.12.35527.113 d17.12
MinimumVisualStudioVersion = 10.0.40219.1
Project("{FAE04EC0-301F-11D3-BF4B-00C04F79EFBC}") = "Juan_Maria_P1_AP1", "Juan_Maria_P1_AP1\Juan_Maria_P1_AP1.csproj", "{C675CF74-6B22-4421-B213-D6568AE43016}"
EndProject
Global
	GlobalSection(SolutionConfigurationPlatforms) = preSolution
		Debug|Any CPU = Debug|Any CPU
		Release|Any CPU = Release|Any CPU
	EndGlobalSection
	GlobalSection(ProjectConfigurationPlatforms) = postSolution
		{C675CF74-6B22-4421-B213-D6568AE43016}.Debug|Any CPU.ActiveCfg = Debug|Any CPU
		{C675CF74-6B22-4421-B213-D6568AE43016}.Debug|Any CPU.Build.0 = Debug|Any CPU
		{C675CF74-6B22-4421-B213-D6568AE43016}.Release|Any CPU.ActiveCfg = Release|Any CPU
		{C675CF74-6B22-4421-B213-D6568AE43016}.Release|Any CPU.Build.0 = Release|Any CPU
	EndGlobalSection
	GlobalSection(SolutionProperties) = preSolution
		HideSolutionNode = FALSE
	EndGlobalSection
EndGlobal
